# THIS IS AN AUTOGENERATED FILE. DO NOT EDIT THIS FILE DIRECTLY.
# yarn lockfile v1


blueimp-md5@^2.10.0:
  version "2.10.0"
  resolved "https://registry.yarnpkg.com/blueimp-md5/-/blueimp-md5-2.10.0.tgz#02f0843921f90dca14f5b8920a38593201d6964d"

bs-platform@^3.1.5:
  version "3.1.5"
  resolved "https://registry.yarnpkg.com/bs-platform/-/bs-platform-3.1.5.tgz#fb34ee4702bc9163848d5537096c4f31ebaeed40"
